
Microsoft Visual Studio Solution File, Format Version 12.00
# Visual Studio Version 16
VisualStudioVersion = 16.0.29806.167
MinimumVisualStudioVersion = 10.0.40219.1
Project("{FAE04EC0-301F-11D3-BF4B-00C04F79EFBC}") = "MessingWithSolids", "MessingWithSolids\MessingWithSolids.csproj", "{63878A86-6048-4CAD-BCC0-06D90A7CCC30}"
EndProject
Global
	GlobalSection(SolutionConfigurationPlatforms) = preSolution
		Debug|Any CPU = Debug|Any CPU
		Release|Any CPU = Release|Any CPU
	EndGlobalSection
	GlobalSection(ProjectConfigurationPlatforms) = postSolution
		{63878A86-6048-4CAD-BCC0-06D90A7CCC30}.Debug|Any CPU.ActiveCfg = Debug|Any CPU
		{63878A86-6048-4CAD-BCC0-06D90A7CCC30}.Debug|Any CPU.Build.0 = Debug|Any CPU
		{63878A86-6048-4CAD-BCC0-06D90A7CCC30}.Release|Any CPU.ActiveCfg = Release|Any CPU
		{63878A86-6048-4CAD-BCC0-06D90A7CCC30}.Release|Any CPU.Build.0 = Release|Any CPU
	EndGlobalSection
	GlobalSection(SolutionProperties) = preSolution
		HideSolutionNode = FALSE
	EndGlobalSection
	GlobalSection(ExtensibilityGlobals) = postSolution
		SolutionGuid = {453156E5-ACED-497A-BF54-CB11E5B64A67}
	EndGlobalSection
EndGlobal
